{
  "nodes": {
    "home-manager": {
      "inputs": {
        "nixpkgs": [
          "nixpkgs"
        ]
      },
      "locked": {
        "lastModified": *,
        "narHash": "*",
        "owner": "*",
        "repo": "*",
        "rev": "*",
        "type": "*"
      },
      "original": {
        "owner": "*",
        "repo": "*",
        "type": "*"
      }
    },
    "nixpkgs": {
      "locked": {
        "lastModified": *,
        "narHash": "*",
        "owner": "*",
        "repo": "*",
        "rev": "*",
        "type": "*"
      },
      "original": {
        "owner": "*",
        "ref": "*",
        "repo": "*",
        "type": "*"
      }
    },
    "root": {
      "inputs": {
        "home-manager": "*",
        "nixpkgs": "*"
      }
    }
  },
  "root": "*",
  "version": *
}
